
Microsoft Visual Studio Solution File, Format Version 12.00
# Visual Studio Version 16
VisualStudioVersion = 16.0.31129.286
MinimumVisualStudioVersion = 10.0.40219.1
Project("{FAE04EC0-301F-11D3-BF4B-00C04F79EFBC}") = "五子棋", "五子棋\五子棋.csproj", "{FF13F62E-BC50-4D38-B2FA-3F6DCD57CF42}"
EndProject
Global
	GlobalSection(SolutionConfigurationPlatforms) = preSolution
		Debug|Any CPU = Debug|Any CPU
		Release|Any CPU = Release|Any CPU
	EndGlobalSection
	GlobalSection(ProjectConfigurationPlatforms) = postSolution
		{FF13F62E-BC50-4D38-B2FA-3F6DCD57CF42}.Debug|Any CPU.ActiveCfg = Debug|Any CPU
		{FF13F62E-BC50-4D38-B2FA-3F6DCD57CF42}.Debug|Any CPU.Build.0 = Debug|Any CPU
		{FF13F62E-BC50-4D38-B2FA-3F6DCD57CF42}.Release|Any CPU.ActiveCfg = Release|Any CPU
		{FF13F62E-BC50-4D38-B2FA-3F6DCD57CF42}.Release|Any CPU.Build.0 = Release|Any CPU
	EndGlobalSection
	GlobalSection(SolutionProperties) = preSolution
		HideSolutionNode = FALSE
	EndGlobalSection
	GlobalSection(ExtensibilityGlobals) = postSolution
		SolutionGuid = {90C66C17-C86B-487B-809B-AE1389B78344}
	EndGlobalSection
EndGlobal
